{
    "version": 3,
    "terraform_version": "0.11.8",
    "serial": 8,
    "lineage": "3192ad24-8594-a34c-4986-5a05b05262b2",
    "modules": [
        {
            "path": [
                "root"
            ],
            "outputs": {},
            "resources": {
                "aws_instance.wb": {
                    "type": "aws_instance",
                    "depends_on": [
                        "aws_key_pair.default",
                        "aws_security_group.sgweb",
                        "aws_subnet.public-subnet"
                    ],
                    "primary": {
                        "id": "i-0fd2dcf7a6d7d3d9e",
                        "attributes": {
                            "ami": "ami-04169656fea786776",
                            "arn": "arn:aws:ec2:us-east-1:766119098830:instance/i-0fd2dcf7a6d7d3d9e",
                            "associate_public_ip_address": "true",
                            "availability_zone": "us-east-1a",
                            "cpu_core_count": "1",
                            "cpu_threads_per_core": "1",
                            "credit_specification.#": "1",
                            "credit_specification.0.cpu_credits": "standard",
                            "disable_api_termination": "false",
                            "ebs_block_device.#": "0",
                            "ebs_optimized": "false",
                            "ephemeral_block_device.#": "0",
                            "get_password_data": "false",
                            "iam_instance_profile": "",
                            "id": "i-0fd2dcf7a6d7d3d9e",
                            "instance_state": "running",
                            "instance_type": "t2.micro",
                            "ipv6_addresses.#": "0",
                            "key_name": "vpctestkeypair",
                            "monitoring": "false",
                            "network_interface.#": "0",
                            "network_interface_id": "eni-09cde4e70109e5d0f",
                            "password_data": "",
                            "placement_group": "",
                            "primary_network_interface_id": "eni-09cde4e70109e5d0f",
                            "private_dns": "ip-10-0-1-81.ec2.internal",
                            "private_ip": "10.0.1.81",
                            "public_dns": "ec2-52-54-82-56.compute-1.amazonaws.com",
                            "public_ip": "52.54.82.56",
                            "root_block_device.#": "1",
                            "root_block_device.0.delete_on_termination": "true",
                            "root_block_device.0.iops": "100",
                            "root_block_device.0.volume_id": "vol-042d3554237b54c10",
                            "root_block_device.0.volume_size": "8",
                            "root_block_device.0.volume_type": "gp2",
                            "security_groups.#": "0",
                            "source_dest_check": "false",
                            "subnet_id": "subnet-09cf020581c35f617",
                            "tags.%": "1",
                            "tags.Name": "webserver",
                            "tenancy": "default",
                            "user_data": "b46dbfb6f71f223647008ff424aba063dd28c145",
                            "volume_tags.%": "0",
                            "vpc_security_group_ids.#": "1",
                            "vpc_security_group_ids.233902732": "sg-0334a6ae495b49066"
                        },
                        "meta": {
                            "e2bfb730-ecaa-11e6-8f88-34363bc7c4c0": {
                                "create": 600000000000,
                                "delete": 1200000000000,
                                "update": 600000000000
                            },
                            "schema_version": "1"
                        },
                        "tainted": false
                    },
                    "deposed": [],
                    "provider": "provider.aws"
                },
                "aws_internet_gateway.gw": {
                    "type": "aws_internet_gateway",
                    "depends_on": [
                        "aws_vpc.default"
                    ],
                    "primary": {
                        "id": "igw-087a278f6ab5c7ba4",
                        "attributes": {
                            "id": "igw-087a278f6ab5c7ba4",
                            "tags.%": "1",
                            "tags.Name": "VPC IGW",
                            "vpc_id": "vpc-0ec70b67c4f2dd48b"
                        },
                        "meta": {},
                        "tainted": false
                    },
                    "deposed": [],
                    "provider": "provider.aws"
                },
                "aws_key_pair.default": {
                    "type": "aws_key_pair",
                    "depends_on": [],
                    "primary": {
                        "id": "vpctestkeypair",
                        "attributes": {
                            "fingerprint": "54:10:96:d8:cf:43:c1:99:e8:97:22:6d:bc:23:35:7c",
                            "id": "vpctestkeypair",
                            "key_name": "vpctestkeypair",
                            "public_key": "ssh-rsa AAAAB3NzaC1yc2EAAAADAQABAAABAQDfKxRENsWwKIqf6+0c0fwOxdFb75jiJuuZ44x3iJQNO/THFtaSTeqkIGwuHikaHHDCeU8fSIPISuLieTdD7yrePXfc59YxTIVJI56Ca6KZRLKGwLydDZUKDytteL6ZZe8NlbNfNu9Tc7TyPFJE6huhyGHvcn5QBpPVPfRE78zioY0expLWUXtBehss/Iw4G3WHivZgDGtJk0i8RwaH4y/tnForhdo7JWp47E7rEa/KjmkNAkKYSB2syGlTkABtDt/+ChtAPDewn9TE/SrzyGVeqkjkhRnuVta65p1BdlCH7JHoQkfEg/34fUZvgxBsqnBDNGCIZ3ZqRdzfbthDpDAZ sumit@TTLAPTOP0720"
                        },
                        "meta": {
                            "schema_version": "1"
                        },
                        "tainted": false
                    },
                    "deposed": [],
                    "provider": "provider.aws"
                },
                "aws_route_table.web-public-rt": {
                    "type": "aws_route_table",
                    "depends_on": [
                        "aws_internet_gateway.gw",
                        "aws_vpc.default"
                    ],
                    "primary": {
                        "id": "rtb-00c9665478612fda8",
                        "attributes": {
                            "id": "rtb-00c9665478612fda8",
                            "propagating_vgws.#": "0",
                            "route.#": "1",
                            "route.2872412891.cidr_block": "0.0.0.0/0",
                            "route.2872412891.egress_only_gateway_id": "",
                            "route.2872412891.gateway_id": "igw-087a278f6ab5c7ba4",
                            "route.2872412891.instance_id": "",
                            "route.2872412891.ipv6_cidr_block": "",
                            "route.2872412891.nat_gateway_id": "",
                            "route.2872412891.network_interface_id": "",
                            "route.2872412891.vpc_peering_connection_id": "",
                            "tags.%": "1",
                            "tags.Name": "Public Subnet RT",
                            "vpc_id": "vpc-0ec70b67c4f2dd48b"
                        },
                        "meta": {},
                        "tainted": false
                    },
                    "deposed": [],
                    "provider": "provider.aws"
                },
                "aws_route_table_association.web-public-rt": {
                    "type": "aws_route_table_association",
                    "depends_on": [
                        "aws_route_table.web-public-rt",
                        "aws_subnet.public-subnet"
                    ],
                    "primary": {
                        "id": "rtbassoc-09f43034acf8e0f7c",
                        "attributes": {
                            "id": "rtbassoc-09f43034acf8e0f7c",
                            "route_table_id": "rtb-00c9665478612fda8",
                            "subnet_id": "subnet-09cf020581c35f617"
                        },
                        "meta": {},
                        "tainted": false
                    },
                    "deposed": [],
                    "provider": "provider.aws"
                },
                "aws_security_group.sgdb": {
                    "type": "aws_security_group",
                    "depends_on": [
                        "aws_vpc.default"
                    ],
                    "primary": {
                        "id": "sg-033b462c249fcf366",
                        "attributes": {
                            "arn": "arn:aws:ec2:us-east-1:766119098830:security-group/sg-033b462c249fcf366",
                            "description": "Allow traffic from public subnet",
                            "egress.#": "1",
                            "egress.3805951939.cidr_blocks.#": "1",
                            "egress.3805951939.cidr_blocks.0": "10.0.1.0/24",
                            "egress.3805951939.description": "",
                            "egress.3805951939.from_port": "0",
                            "egress.3805951939.ipv6_cidr_blocks.#": "0",
                            "egress.3805951939.prefix_list_ids.#": "0",
                            "egress.3805951939.protocol": "-1",
                            "egress.3805951939.security_groups.#": "0",
                            "egress.3805951939.self": "false",
                            "egress.3805951939.to_port": "0",
                            "id": "sg-033b462c249fcf366",
                            "ingress.#": "2",
                            "ingress.2709622021.cidr_blocks.#": "1",
                            "ingress.2709622021.cidr_blocks.0": "10.0.1.0/24",
                            "ingress.2709622021.description": "",
                            "ingress.2709622021.from_port": "22",
                            "ingress.2709622021.ipv6_cidr_blocks.#": "0",
                            "ingress.2709622021.protocol": "tcp",
                            "ingress.2709622021.security_groups.#": "0",
                            "ingress.2709622021.self": "false",
                            "ingress.2709622021.to_port": "22",
                            "ingress.957905739.cidr_blocks.#": "1",
                            "ingress.957905739.cidr_blocks.0": "10.0.1.0/24",
                            "ingress.957905739.description": "",
                            "ingress.957905739.from_port": "3306",
                            "ingress.957905739.ipv6_cidr_blocks.#": "0",
                            "ingress.957905739.protocol": "tcp",
                            "ingress.957905739.security_groups.#": "0",
                            "ingress.957905739.self": "false",
                            "ingress.957905739.to_port": "3306",
                            "name": "sg_test_web",
                            "owner_id": "766119098830",
                            "revoke_rules_on_delete": "false",
                            "tags.%": "1",
                            "tags.Name": "DB SG",
                            "vpc_id": "vpc-0ec70b67c4f2dd48b"
                        },
                        "meta": {
                            "e2bfb730-ecaa-11e6-8f88-34363bc7c4c0": {
                                "create": 600000000000,
                                "delete": 600000000000
                            },
                            "schema_version": "1"
                        },
                        "tainted": false
                    },
                    "deposed": [],
                    "provider": "provider.aws"
                },
                "aws_security_group.sgweb": {
                    "type": "aws_security_group",
                    "depends_on": [
                        "aws_vpc.default"
                    ],
                    "primary": {
                        "id": "sg-0334a6ae495b49066",
                        "attributes": {
                            "arn": "arn:aws:ec2:us-east-1:766119098830:security-group/sg-0334a6ae495b49066",
                            "description": "Allow incoming HTTP connections \u0026 SSH access",
                            "egress.#": "1",
                            "egress.482069346.cidr_blocks.#": "1",
                            "egress.482069346.cidr_blocks.0": "0.0.0.0/0",
                            "egress.482069346.description": "",
                            "egress.482069346.from_port": "0",
                            "egress.482069346.ipv6_cidr_blocks.#": "0",
                            "egress.482069346.prefix_list_ids.#": "0",
                            "egress.482069346.protocol": "-1",
                            "egress.482069346.security_groups.#": "0",
                            "egress.482069346.self": "false",
                            "egress.482069346.to_port": "0",
                            "id": "sg-0334a6ae495b49066",
                            "ingress.#": "3",
                            "ingress.2214680975.cidr_blocks.#": "1",
                            "ingress.2214680975.cidr_blocks.0": "0.0.0.0/0",
                            "ingress.2214680975.description": "",
                            "ingress.2214680975.from_port": "80",
                            "ingress.2214680975.ipv6_cidr_blocks.#": "0",
                            "ingress.2214680975.protocol": "tcp",
                            "ingress.2214680975.security_groups.#": "0",
                            "ingress.2214680975.self": "false",
                            "ingress.2214680975.to_port": "80",
                            "ingress.2541437006.cidr_blocks.#": "1",
                            "ingress.2541437006.cidr_blocks.0": "0.0.0.0/0",
                            "ingress.2541437006.description": "",
                            "ingress.2541437006.from_port": "22",
                            "ingress.2541437006.ipv6_cidr_blocks.#": "0",
                            "ingress.2541437006.protocol": "tcp",
                            "ingress.2541437006.security_groups.#": "0",
                            "ingress.2541437006.self": "false",
                            "ingress.2541437006.to_port": "22",
                            "ingress.2617001939.cidr_blocks.#": "1",
                            "ingress.2617001939.cidr_blocks.0": "0.0.0.0/0",
                            "ingress.2617001939.description": "",
                            "ingress.2617001939.from_port": "443",
                            "ingress.2617001939.ipv6_cidr_blocks.#": "0",
                            "ingress.2617001939.protocol": "tcp",
                            "ingress.2617001939.security_groups.#": "0",
                            "ingress.2617001939.self": "false",
                            "ingress.2617001939.to_port": "443",
                            "name": "vpc_test_web",
                            "owner_id": "766119098830",
                            "revoke_rules_on_delete": "false",
                            "tags.%": "1",
                            "tags.Name": "Web Server SG",
                            "vpc_id": "vpc-0ec70b67c4f2dd48b"
                        },
                        "meta": {
                            "e2bfb730-ecaa-11e6-8f88-34363bc7c4c0": {
                                "create": 600000000000,
                                "delete": 600000000000
                            },
                            "schema_version": "1"
                        },
                        "tainted": false
                    },
                    "deposed": [],
                    "provider": "provider.aws"
                },
                "aws_subnet.private-subnet": {
                    "type": "aws_subnet",
                    "depends_on": [
                        "aws_vpc.default"
                    ],
                    "primary": {
                        "id": "subnet-00ca71f75f01e6adb",
                        "attributes": {
                            "arn": "arn:aws:ec2:us-east-1:766119098830:subnet/subnet-00ca71f75f01e6adb",
                            "assign_ipv6_address_on_creation": "false",
                            "availability_zone": "us-east-1b",
                            "cidr_block": "10.0.2.0/24",
                            "id": "subnet-00ca71f75f01e6adb",
                            "map_public_ip_on_launch": "false",
                            "tags.%": "1",
                            "tags.Name": "Database Private Subnet",
                            "vpc_id": "vpc-0ec70b67c4f2dd48b"
                        },
                        "meta": {
                            "schema_version": "1"
                        },
                        "tainted": false
                    },
                    "deposed": [],
                    "provider": "provider.aws"
                },
                "aws_subnet.public-subnet": {
                    "type": "aws_subnet",
                    "depends_on": [
                        "aws_vpc.default"
                    ],
                    "primary": {
                        "id": "subnet-09cf020581c35f617",
                        "attributes": {
                            "arn": "arn:aws:ec2:us-east-1:766119098830:subnet/subnet-09cf020581c35f617",
                            "assign_ipv6_address_on_creation": "false",
                            "availability_zone": "us-east-1a",
                            "cidr_block": "10.0.1.0/24",
                            "id": "subnet-09cf020581c35f617",
                            "map_public_ip_on_launch": "false",
                            "tags.%": "1",
                            "tags.Name": "Web Public Subnet",
                            "vpc_id": "vpc-0ec70b67c4f2dd48b"
                        },
                        "meta": {
                            "schema_version": "1"
                        },
                        "tainted": false
                    },
                    "deposed": [],
                    "provider": "provider.aws"
                },
                "aws_vpc.default": {
                    "type": "aws_vpc",
                    "depends_on": [],
                    "primary": {
                        "id": "vpc-0ec70b67c4f2dd48b",
                        "attributes": {
                            "arn": "arn:aws:ec2:us-east-1:766119098830:vpc/vpc-0ec70b67c4f2dd48b",
                            "assign_generated_ipv6_cidr_block": "false",
                            "cidr_block": "10.0.0.0/16",
                            "default_network_acl_id": "acl-02e984fdc05eed9b7",
                            "default_route_table_id": "rtb-04c80d648e6fa2581",
                            "default_security_group_id": "sg-07c7a5928756af2f2",
                            "dhcp_options_id": "dopt-09507effa58dc7316",
                            "enable_classiclink": "false",
                            "enable_classiclink_dns_support": "false",
                            "enable_dns_hostnames": "true",
                            "enable_dns_support": "true",
                            "id": "vpc-0ec70b67c4f2dd48b",
                            "instance_tenancy": "default",
                            "main_route_table_id": "rtb-04c80d648e6fa2581",
                            "tags.%": "1",
                            "tags.Name": "test-vpc"
                        },
                        "meta": {
                            "schema_version": "1"
                        },
                        "tainted": false
                    },
                    "deposed": [],
                    "provider": "provider.aws"
                }
            },
            "depends_on": []
        }
    ]
}
